
Microsoft Visual Studio Solution File, Format Version 12.00
# Visual Studio Version 16
VisualStudioVersion = 16.0.31829.152
MinimumVisualStudioVersion = 10.0.40219.1
Project("{FAE04EC0-301F-11D3-BF4B-00C04F79EFBC}") = "departementTest", "departementTest\departementTest.csproj", "{D7E563CE-B280-4CBE-8465-86EDC753C757}"
EndProject
Global
	GlobalSection(SolutionConfigurationPlatforms) = preSolution
		Debug|Any CPU = Debug|Any CPU
		Release|Any CPU = Release|Any CPU
	EndGlobalSection
	GlobalSection(ProjectConfigurationPlatforms) = postSolution
		{D7E563CE-B280-4CBE-8465-86EDC753C757}.Debug|Any CPU.ActiveCfg = Debug|Any CPU
		{D7E563CE-B280-4CBE-8465-86EDC753C757}.Debug|Any CPU.Build.0 = Debug|Any CPU
		{D7E563CE-B280-4CBE-8465-86EDC753C757}.Release|Any CPU.ActiveCfg = Release|Any CPU
		{D7E563CE-B280-4CBE-8465-86EDC753C757}.Release|Any CPU.Build.0 = Release|Any CPU
	EndGlobalSection
	GlobalSection(SolutionProperties) = preSolution
		HideSolutionNode = FALSE
	EndGlobalSection
	GlobalSection(ExtensibilityGlobals) = postSolution
		SolutionGuid = {930D3D5F-2FB0-4A80-973D-BB12C8BBDD58}
	EndGlobalSection
EndGlobal
